// !$*UTF8*$!
{
	archiveVersion = 1;
	classes = {
	};
	objectVersion = 56;
	objects = {

/* Begin PBXBuildFile section */
		3F5057112D51EA1600A0D726 /* FirebaseAuth in Frameworks */ = {isa = PBXBuildFile; productRef = 3F5057102D51EA1600A0D726 /* FirebaseAuth */; };
		3F5057132D51EA1600A0D726 /* FirebaseFirestore in Frameworks */ = {isa = PBXBuildFile; productRef = 3F5057122D51EA1600A0D726 /* FirebaseFirestore */; };
		3F5057152D51EA1600A0D726 /* FirebaseFirestoreCombine-Community in Frameworks */ = {isa = PBXBuildFile; productRef = 3F5057142D51EA1600A0D726 /* FirebaseFirestoreCombine-Community */; };
		3F5057172D51EA1600A0D726 /* FirebaseStorage in Frameworks */ = {isa = PBXBuildFile; productRef = 3F5057162D51EA1600A0D726 /* FirebaseStorage */; };
		3F5057192D51EA1600A0D726 /* FirebaseStorageCombine-Community in Frameworks */ = {isa = PBXBuildFile; productRef = 3F5057182D51EA1600A0D726 /* FirebaseStorageCombine-Community */; };
		3F50571B2D51EA1600A0D726 /* FirebaseVertexAI in Frameworks */ = {isa = PBXBuildFile; productRef = 3F50571A2D51EA1600A0D726 /* FirebaseVertexAI */; };
		3F50571D2D51EB0A00A0D726 /* FirebaseAuth in Frameworks */ = {isa = PBXBuildFile; productRef = 3F50571C2D51EB0A00A0D726 /* FirebaseAuth */; };
		3F50571F2D51EB0A00A0D726 /* FirebaseAuthCombine-Community in Frameworks */ = {isa = PBXBuildFile; productRef = 3F50571E2D51EB0A00A0D726 /* FirebaseAuthCombine-Community */; };
		3F5057212D51EB0A00A0D726 /* FirebaseCore in Frameworks */ = {isa = PBXBuildFile; productRef = 3F5057202D51EB0A00A0D726 /* FirebaseCore */; };
		3F5057232D51EB0A00A0D726 /* FirebaseFirestore in Frameworks */ = {isa = PBXBuildFile; productRef = 3F5057222D51EB0A00A0D726 /* FirebaseFirestore */; };
		3F5057252D51EB0A00A0D726 /* FirebaseFirestoreCombine-Community in Frameworks */ = {isa = PBXBuildFile; productRef = 3F5057242D51EB0A00A0D726 /* FirebaseFirestoreCombine-Community */; };
		3F5057272D51EB0A00A0D726 /* FirebaseFunctions in Frameworks */ = {isa = PBXBuildFile; productRef = 3F5057262D51EB0A00A0D726 /* FirebaseFunctions */; };
		3F5057292D51EB0A00A0D726 /* FirebaseFunctionsCombine-Community in Frameworks */ = {isa = PBXBuildFile; productRef = 3F5057282D51EB0A00A0D726 /* FirebaseFunctionsCombine-Community */; };
		3F50572B2D51EB0A00A0D726 /* FirebaseInAppMessaging-Beta in Frameworks */ = {isa = PBXBuildFile; productRef = 3F50572A2D51EB0A00A0D726 /* FirebaseInAppMessaging-Beta */; };
		3F50572D2D51EB0A00A0D726 /* FirebaseInstallations in Frameworks */ = {isa = PBXBuildFile; productRef = 3F50572C2D51EB0A00A0D726 /* FirebaseInstallations */; };
		3F50572F2D51EB0A00A0D726 /* FirebaseMLModelDownloader in Frameworks */ = {isa = PBXBuildFile; productRef = 3F50572E2D51EB0A00A0D726 /* FirebaseMLModelDownloader */; };
		3F5057312D51EB0A00A0D726 /* FirebaseStorage in Frameworks */ = {isa = PBXBuildFile; productRef = 3F5057302D51EB0A00A0D726 /* FirebaseStorage */; };
		3F5057332D51EB0A00A0D726 /* FirebaseStorageCombine-Community in Frameworks */ = {isa = PBXBuildFile; productRef = 3F5057322D51EB0A00A0D726 /* FirebaseStorageCombine-Community */; };
		3F627CF82D4E3B2F00C2693D /* Extensions.swift in Sources */ = {isa = PBXBuildFile; fileRef = 3F627CF72D4E3B2F00C2693D /* Extensions.swift */; };
		3F7588BF2D491A1E006841FB /* TLButton.swift in Sources */ = {isa = PBXBuildFile; fileRef = 3F7588BE2D491A1E006841FB /* TLButton.swift */; };
		3F8A10362D4757C700AF52D1 /* _ndProject_YTApp.swift in Sources */ = {isa = PBXBuildFile; fileRef = 3F8A10352D4757C700AF52D1 /* _ndProject_YTApp.swift */; };
		3F8A10382D4757C700AF52D1 /* MainView.swift in Sources */ = {isa = PBXBuildFile; fileRef = 3F8A10372D4757C700AF52D1 /* MainView.swift */; };
		3F8A103A2D4757C900AF52D1 /* Assets.xcassets in Resources */ = {isa = PBXBuildFile; fileRef = 3F8A10392D4757C900AF52D1 /* Assets.xcassets */; };
		3F8A103D2D4757C900AF52D1 /* Preview Assets.xcassets in Resources */ = {isa = PBXBuildFile; fileRef = 3F8A103C2D4757C900AF52D1 /* Preview Assets.xcassets */; };
		3F8A104F2D475F7300AF52D1 /* GoogleService-Info.plist in Resources */ = {isa = PBXBuildFile; fileRef = 3F8A104E2D475F7300AF52D1 /* GoogleService-Info.plist */; };
		3F8A10562D47634000AF52D1 /* ProfileView.swift in Sources */ = {isa = PBXBuildFile; fileRef = 3F8A10552D47634000AF52D1 /* ProfileView.swift */; };
		3F8A10582D47637400AF52D1 /* ToDoListView.swift in Sources */ = {isa = PBXBuildFile; fileRef = 3F8A10572D47637400AF52D1 /* ToDoListView.swift */; };
		3F8A105A2D47637F00AF52D1 /* LoginView.swift in Sources */ = {isa = PBXBuildFile; fileRef = 3F8A10592D47637F00AF52D1 /* LoginView.swift */; };
		3F8A105C2D47638600AF52D1 /* RegisterView.swift in Sources */ = {isa = PBXBuildFile; fileRef = 3F8A105B2D47638600AF52D1 /* RegisterView.swift */; };
		3F8A105E2D47642500AF52D1 /* ToDoListItemView.swift in Sources */ = {isa = PBXBuildFile; fileRef = 3F8A105D2D47642500AF52D1 /* ToDoListItemView.swift */; };
		3F8A10602D47644C00AF52D1 /* User.swift in Sources */ = {isa = PBXBuildFile; fileRef = 3F8A105F2D47644C00AF52D1 /* User.swift */; };
		3F8A10622D47646C00AF52D1 /* ToDoListItem.swift in Sources */ = {isa = PBXBuildFile; fileRef = 3F8A10612D47646C00AF52D1 /* ToDoListItem.swift */; };
		3F8A10642D47649200AF52D1 /* MainViewViewModel.swift in Sources */ = {isa = PBXBuildFile; fileRef = 3F8A10632D47649200AF52D1 /* MainViewViewModel.swift */; };
		3F8A10662D47697C00AF52D1 /* ProfileViewViewModel.swift in Sources */ = {isa = PBXBuildFile; fileRef = 3F8A10652D47697C00AF52D1 /* ProfileViewViewModel.swift */; };
		3F8A10682D47699100AF52D1 /* NewItemViewViewModel.swift in Sources */ = {isa = PBXBuildFile; fileRef = 3F8A10672D47699100AF52D1 /* NewItemViewViewModel.swift */; };
		3F8A106A2D4769C400AF52D1 /* LoginViewViewModel.swift in Sources */ = {isa = PBXBuildFile; fileRef = 3F8A10692D4769C400AF52D1 /* LoginViewViewModel.swift */; };
		3F8A106C2D4769CB00AF52D1 /* RegisterViewViewModel.swift in Sources */ = {isa = PBXBuildFile; fileRef = 3F8A106B2D4769CB00AF52D1 /* RegisterViewViewModel.swift */; };
		3F8A106E2D476A0600AF52D1 /* ToDoListViewViewModel.swift in Sources */ = {isa = PBXBuildFile; fileRef = 3F8A106D2D476A0600AF52D1 /* ToDoListViewViewModel.swift */; };
		3F8A10702D476A3800AF52D1 /* ToDoListItemViewViewModel.swift in Sources */ = {isa = PBXBuildFile; fileRef = 3F8A106F2D476A3800AF52D1 /* ToDoListItemViewViewModel.swift */; };
		3F9ABE932D535E3F00D3E1FB /* NewItemView.swift in Sources */ = {isa = PBXBuildFile; fileRef = 3F9ABE922D535E3F00D3E1FB /* NewItemView.swift */; };
		3FDFE4D62D479037003270A1 /* HeaderView.swift in Sources */ = {isa = PBXBuildFile; fileRef = 3FDFE4D52D479037003270A1 /* HeaderView.swift */; };
/* End PBXBuildFile section */

/* Begin PBXFileReference section */
		3F627CF72D4E3B2F00C2693D /* Extensions.swift */ = {isa = PBXFileReference; lastKnownFileType = sourcecode.swift; path = Extensions.swift; sourceTree = "<group>"; };
		3F7588BE2D491A1E006841FB /* TLButton.swift */ = {isa = PBXFileReference; lastKnownFileType = sourcecode.swift; path = TLButton.swift; sourceTree = "<group>"; };
		3F8A10322D4757C700AF52D1 /* 2ndProject_YT.app */ = {isa = PBXFileReference; explicitFileType = wrapper.application; includeInIndex = 0; path = 2ndProject_YT.app; sourceTree = BUILT_PRODUCTS_DIR; };
		3F8A10352D4757C700AF52D1 /* _ndProject_YTApp.swift */ = {isa = PBXFileReference; lastKnownFileType = sourcecode.swift; path = _ndProject_YTApp.swift; sourceTree = "<group>"; };
		3F8A10372D4757C700AF52D1 /* MainView.swift */ = {isa = PBXFileReference; lastKnownFileType = sourcecode.swift; path = MainView.swift; sourceTree = "<group>"; };
		3F8A10392D4757C900AF52D1 /* Assets.xcassets */ = {isa = PBXFileReference; lastKnownFileType = folder.assetcatalog; path = Assets.xcassets; sourceTree = "<group>"; };
		3F8A103C2D4757C900AF52D1 /* Preview Assets.xcassets */ = {isa = PBXFileReference; lastKnownFileType = folder.assetcatalog; path = "Preview Assets.xcassets"; sourceTree = "<group>"; };
		3F8A104E2D475F7300AF52D1 /* GoogleService-Info.plist */ = {isa = PBXFileReference; fileEncoding = 4; lastKnownFileType = text.plist.xml; path = "GoogleService-Info.plist"; sourceTree = "<group>"; };
		3F8A10552D47634000AF52D1 /* ProfileView.swift */ = {isa = PBXFileReference; lastKnownFileType = sourcecode.swift; path = ProfileView.swift; sourceTree = "<group>"; };
		3F8A10572D47637400AF52D1 /* ToDoListView.swift */ = {isa = PBXFileReference; lastKnownFileType = sourcecode.swift; path = ToDoListView.swift; sourceTree = "<group>"; };
		3F8A10592D47637F00AF52D1 /* LoginView.swift */ = {isa = PBXFileReference; lastKnownFileType = sourcecode.swift; path = LoginView.swift; sourceTree = "<group>"; };
		3F8A105B2D47638600AF52D1 /* RegisterView.swift */ = {isa = PBXFileReference; lastKnownFileType = sourcecode.swift; path = RegisterView.swift; sourceTree = "<group>"; };
		3F8A105D2D47642500AF52D1 /* ToDoListItemView.swift */ = {isa = PBXFileReference; lastKnownFileType = sourcecode.swift; path = ToDoListItemView.swift; sourceTree = "<group>"; };
		3F8A105F2D47644C00AF52D1 /* User.swift */ = {isa = PBXFileReference; lastKnownFileType = sourcecode.swift; path = User.swift; sourceTree = "<group>"; };
		3F8A10612D47646C00AF52D1 /* ToDoListItem.swift */ = {isa = PBXFileReference; lastKnownFileType = sourcecode.swift; path = ToDoListItem.swift; sourceTree = "<group>"; };
		3F8A10632D47649200AF52D1 /* MainViewViewModel.swift */ = {isa = PBXFileReference; lastKnownFileType = sourcecode.swift; path = MainViewViewModel.swift; sourceTree = "<group>"; };
		3F8A10652D47697C00AF52D1 /* ProfileViewViewModel.swift */ = {isa = PBXFileReference; lastKnownFileType = sourcecode.swift; path = ProfileViewViewModel.swift; sourceTree = "<group>"; };
		3F8A10672D47699100AF52D1 /* NewItemViewViewModel.swift */ = {isa = PBXFileReference; lastKnownFileType = sourcecode.swift; path = NewItemViewViewModel.swift; sourceTree = "<group>"; };
		3F8A10692D4769C400AF52D1 /* LoginViewViewModel.swift */ = {isa = PBXFileReference; lastKnownFileType = sourcecode.swift; path = LoginViewViewModel.swift; sourceTree = "<group>"; };
		3F8A106B2D4769CB00AF52D1 /* RegisterViewViewModel.swift */ = {isa = PBXFileReference; lastKnownFileType = sourcecode.swift; path = RegisterViewViewModel.swift; sourceTree = "<group>"; };
		3F8A106D2D476A0600AF52D1 /* ToDoListViewViewModel.swift */ = {isa = PBXFileReference; lastKnownFileType = sourcecode.swift; path = ToDoListViewViewModel.swift; sourceTree = "<group>"; };
		3F8A106F2D476A3800AF52D1 /* ToDoListItemViewViewModel.swift */ = {isa = PBXFileReference; lastKnownFileType = sourcecode.swift; path = ToDoListItemViewViewModel.swift; sourceTree = "<group>"; };
		3F9ABE922D535E3F00D3E1FB /* NewItemView.swift */ = {isa = PBXFileReference; lastKnownFileType = sourcecode.swift; path = NewItemView.swift; sourceTree = "<group>"; };
		3FDFE4D52D479037003270A1 /* HeaderView.swift */ = {isa = PBXFileReference; lastKnownFileType = sourcecode.swift; path = HeaderView.swift; sourceTree = "<group>"; };
/* End PBXFileReference section */

/* Begin PBXFrameworksBuildPhase section */
		3F8A102F2D4757C700AF52D1 /* Frameworks */ = {
			isa = PBXFrameworksBuildPhase;
			buildActionMask = 2147483647;
			files = (
				3F5057152D51EA1600A0D726 /* FirebaseFirestoreCombine-Community in Frameworks */,
				3F50572B2D51EB0A00A0D726 /* FirebaseInAppMessaging-Beta in Frameworks */,
				3F50571B2D51EA1600A0D726 /* FirebaseVertexAI in Frameworks */,
				3F50572F2D51EB0A00A0D726 /* FirebaseMLModelDownloader in Frameworks */,
				3F5057172D51EA1600A0D726 /* FirebaseStorage in Frameworks */,
				3F5057272D51EB0A00A0D726 /* FirebaseFunctions in Frameworks */,
				3F5057232D51EB0A00A0D726 /* FirebaseFirestore in Frameworks */,
				3F5057192D51EA1600A0D726 /* FirebaseStorageCombine-Community in Frameworks */,
				3F5057252D51EB0A00A0D726 /* FirebaseFirestoreCombine-Community in Frameworks */,
				3F5057112D51EA1600A0D726 /* FirebaseAuth in Frameworks */,
				3F50572D2D51EB0A00A0D726 /* FirebaseInstallations in Frameworks */,
				3F5057292D51EB0A00A0D726 /* FirebaseFunctionsCombine-Community in Frameworks */,
				3F5057312D51EB0A00A0D726 /* FirebaseStorage in Frameworks */,
				3F50571D2D51EB0A00A0D726 /* FirebaseAuth in Frameworks */,
				3F5057132D51EA1600A0D726 /* FirebaseFirestore in Frameworks */,
				3F5057212D51EB0A00A0D726 /* FirebaseCore in Frameworks */,
				3F5057332D51EB0A00A0D726 /* FirebaseStorageCombine-Community in Frameworks */,
				3F50571F2D51EB0A00A0D726 /* FirebaseAuthCombine-Community in Frameworks */,
			);
			runOnlyForDeploymentPostprocessing = 0;
		};
/* End PBXFrameworksBuildPhase section */

/* Begin PBXGroup section */
		3F8A10292D4757C700AF52D1 = {
			isa = PBXGroup;
			children = (
				3F8A10342D4757C700AF52D1 /* 2ndProject_YT */,
				3F8A10332D4757C700AF52D1 /* Products */,
			);
			sourceTree = "<group>";
		};
		3F8A10332D4757C700AF52D1 /* Products */ = {
			isa = PBXGroup;
			children = (
				3F8A10322D4757C700AF52D1 /* 2ndProject_YT.app */,
			);
			name = Products;
			sourceTree = "<group>";
		};
		3F8A10342D4757C700AF52D1 /* 2ndProject_YT */ = {
			isa = PBXGroup;
			children = (
				3F8A10542D47629F00AF52D1 /* Other */,
				3F8A10532D47624900AF52D1 /* Models */,
				3F8A10512D47622100AF52D1 /* ViewModels */,
				3F8A10502D47620900AF52D1 /* Views */,
				3F8A103B2D4757C900AF52D1 /* Preview Content */,
			);
			path = 2ndProject_YT;
			sourceTree = "<group>";
		};
		3F8A103B2D4757C900AF52D1 /* Preview Content */ = {
			isa = PBXGroup;
			children = (
				3F8A103C2D4757C900AF52D1 /* Preview Assets.xcassets */,
			);
			path = "Preview Content";
			sourceTree = "<group>";
		};
		3F8A10502D47620900AF52D1 /* Views */ = {
			isa = PBXGroup;
			children = (
				3F8A10372D4757C700AF52D1 /* MainView.swift */,
				3F8A10552D47634000AF52D1 /* ProfileView.swift */,
				3F8A10572D47637400AF52D1 /* ToDoListView.swift */,
				3F9ABE922D535E3F00D3E1FB /* NewItemView.swift */,
				3F8A10592D47637F00AF52D1 /* LoginView.swift */,
				3F8A105B2D47638600AF52D1 /* RegisterView.swift */,
				3F8A105D2D47642500AF52D1 /* ToDoListItemView.swift */,
				3FDFE4D52D479037003270A1 /* HeaderView.swift */,
				3F7588BE2D491A1E006841FB /* TLButton.swift */,
			);
			path = Views;
			sourceTree = "<group>";
		};
		3F8A10512D47622100AF52D1 /* ViewModels */ = {
			isa = PBXGroup;
			children = (
				3F8A10632D47649200AF52D1 /* MainViewViewModel.swift */,
				3F8A10652D47697C00AF52D1 /* ProfileViewViewModel.swift */,
				3F8A10672D47699100AF52D1 /* NewItemViewViewModel.swift */,
				3F8A10692D4769C400AF52D1 /* LoginViewViewModel.swift */,
				3F8A106B2D4769CB00AF52D1 /* RegisterViewViewModel.swift */,
				3F8A106D2D476A0600AF52D1 /* ToDoListViewViewModel.swift */,
				3F8A106F2D476A3800AF52D1 /* ToDoListItemViewViewModel.swift */,
				3F8A10522D47623F00AF52D1 /* New Group */,
			);
			path = ViewModels;
			sourceTree = "<group>";
		};
		3F8A10522D47623F00AF52D1 /* New Group */ = {
			isa = PBXGroup;
			children = (
			);
			path = "New Group";
			sourceTree = "<group>";
		};
		3F8A10532D47624900AF52D1 /* Models */ = {
			isa = PBXGroup;
			children = (
				3F8A105F2D47644C00AF52D1 /* User.swift */,
				3F8A10612D47646C00AF52D1 /* ToDoListItem.swift */,
			);
			path = Models;
			sourceTree = "<group>";
		};
		3F8A10542D47629F00AF52D1 /* Other */ = {
			isa = PBXGroup;
			children = (
				3F8A10392D4757C900AF52D1 /* Assets.xcassets */,
				3F8A104E2D475F7300AF52D1 /* GoogleService-Info.plist */,
				3F8A10352D4757C700AF52D1 /* _ndProject_YTApp.swift */,
				3F627CF72D4E3B2F00C2693D /* Extensions.swift */,
			);
			path = Other;
			sourceTree = "<group>";
		};
/* End PBXGroup section */

/* Begin PBXNativeTarget section */
		3F8A10312D4757C700AF52D1 /* 2ndProject_YT */ = {
			isa = PBXNativeTarget;
			buildConfigurationList = 3F8A10402D4757C900AF52D1 /* Build configuration list for PBXNativeTarget "2ndProject_YT" */;
			buildPhases = (
				3F8A102E2D4757C700AF52D1 /* Sources */,
				3F8A102F2D4757C700AF52D1 /* Frameworks */,
				3F8A10302D4757C700AF52D1 /* Resources */,
			);
			buildRules = (
			);
			dependencies = (
			);
			name = 2ndProject_YT;
			packageProductDependencies = (
				3F5057102D51EA1600A0D726 /* FirebaseAuth */,
				3F5057122D51EA1600A0D726 /* FirebaseFirestore */,
				3F5057142D51EA1600A0D726 /* FirebaseFirestoreCombine-Community */,
				3F5057162D51EA1600A0D726 /* FirebaseStorage */,
				3F5057182D51EA1600A0D726 /* FirebaseStorageCombine-Community */,
				3F50571A2D51EA1600A0D726 /* FirebaseVertexAI */,
				3F50571C2D51EB0A00A0D726 /* FirebaseAuth */,
				3F50571E2D51EB0A00A0D726 /* FirebaseAuthCombine-Community */,
				3F5057202D51EB0A00A0D726 /* FirebaseCore */,
				3F5057222D51EB0A00A0D726 /* FirebaseFirestore */,
				3F5057242D51EB0A00A0D726 /* FirebaseFirestoreCombine-Community */,
				3F5057262D51EB0A00A0D726 /* FirebaseFunctions */,
				3F5057282D51EB0A00A0D726 /* FirebaseFunctionsCombine-Community */,
				3F50572A2D51EB0A00A0D726 /* FirebaseInAppMessaging-Beta */,
				3F50572C2D51EB0A00A0D726 /* FirebaseInstallations */,
				3F50572E2D51EB0A00A0D726 /* FirebaseMLModelDownloader */,
				3F5057302D51EB0A00A0D726 /* FirebaseStorage */,
				3F5057322D51EB0A00A0D726 /* FirebaseStorageCombine-Community */,
			);
			productName = 2ndProject_YT;
			productReference = 3F8A10322D4757C700AF52D1 /* 2ndProject_YT.app */;
			productType = "com.apple.product-type.application";
		};
/* End PBXNativeTarget section */

/* Begin PBXProject section */
		3F8A102A2D4757C700AF52D1 /* Project object */ = {
			isa = PBXProject;
			attributes = {
				BuildIndependentTargetsInParallel = 1;
				LastSwiftUpdateCheck = 1510;
				LastUpgradeCheck = 1510;
				TargetAttributes = {
					3F8A10312D4757C700AF52D1 = {
						CreatedOnToolsVersion = 15.1;
					};
				};
			};
			buildConfigurationList = 3F8A102D2D4757C700AF52D1 /* Build configuration list for PBXProject "2ndProject_YT" */;
			compatibilityVersion = "Xcode 14.0";
			developmentRegion = en;
			hasScannedForEncodings = 0;
			knownRegions = (
				en,
				Base,
			);
			mainGroup = 3F8A10292D4757C700AF52D1;
			packageReferences = (
				3F3EDCF82D4E5C1C00B3AC7E /* XCRemoteSwiftPackageReference "firebase-ios-sdk" */,
			);
			productRefGroup = 3F8A10332D4757C700AF52D1 /* Products */;
			projectDirPath = "";
			projectRoot = "";
			targets = (
				3F8A10312D4757C700AF52D1 /* 2ndProject_YT */,
			);
		};
/* End PBXProject section */

/* Begin PBXResourcesBuildPhase section */
		3F8A10302D4757C700AF52D1 /* Resources */ = {
			isa = PBXResourcesBuildPhase;
			buildActionMask = 2147483647;
			files = (
				3F8A103D2D4757C900AF52D1 /* Preview Assets.xcassets in Resources */,
				3F8A103A2D4757C900AF52D1 /* Assets.xcassets in Resources */,
				3F8A104F2D475F7300AF52D1 /* GoogleService-Info.plist in Resources */,
			);
			runOnlyForDeploymentPostprocessing = 0;
		};
/* End PBXResourcesBuildPhase section */

/* Begin PBXSourcesBuildPhase section */
		3F8A102E2D4757C700AF52D1 /* Sources */ = {
			isa = PBXSourcesBuildPhase;
			buildActionMask = 2147483647;
			files = (
				3F8A10682D47699100AF52D1 /* NewItemViewViewModel.swift in Sources */,
				3F7588BF2D491A1E006841FB /* TLButton.swift in Sources */,
				3F8A105C2D47638600AF52D1 /* RegisterView.swift in Sources */,
				3F8A10702D476A3800AF52D1 /* ToDoListItemViewViewModel.swift in Sources */,
				3F9ABE932D535E3F00D3E1FB /* NewItemView.swift in Sources */,
				3F8A105E2D47642500AF52D1 /* ToDoListItemView.swift in Sources */,
				3F8A10382D4757C700AF52D1 /* MainView.swift in Sources */,
				3F8A106E2D476A0600AF52D1 /* ToDoListViewViewModel.swift in Sources */,
				3F627CF82D4E3B2F00C2693D /* Extensions.swift in Sources */,
				3FDFE4D62D479037003270A1 /* HeaderView.swift in Sources */,
				3F8A10582D47637400AF52D1 /* ToDoListView.swift in Sources */,
				3F8A10642D47649200AF52D1 /* MainViewViewModel.swift in Sources */,
				3F8A106A2D4769C400AF52D1 /* LoginViewViewModel.swift in Sources */,
				3F8A10602D47644C00AF52D1 /* User.swift in Sources */,
				3F8A10562D47634000AF52D1 /* ProfileView.swift in Sources */,
				3F8A106C2D4769CB00AF52D1 /* RegisterViewViewModel.swift in Sources */,
				3F8A10662D47697C00AF52D1 /* ProfileViewViewModel.swift in Sources */,
				3F8A105A2D47637F00AF52D1 /* LoginView.swift in Sources */,
				3F8A10362D4757C700AF52D1 /* _ndProject_YTApp.swift in Sources */,
				3F8A10622D47646C00AF52D1 /* ToDoListItem.swift in Sources */,
			);
			runOnlyForDeploymentPostprocessing = 0;
		};
/* End PBXSourcesBuildPhase section */

/* Begin XCBuildConfiguration section */
		3F8A103E2D4757C900AF52D1 /* Debug */ = {
			isa = XCBuildConfiguration;
			buildSettings = {
				ALWAYS_SEARCH_USER_PATHS = NO;
				ASSETCATALOG_COMPILER_GENERATE_SWIFT_ASSET_SYMBOL_EXTENSIONS = YES;
				CLANG_ANALYZER_NONNULL = YES;
				CLANG_ANALYZER_NUMBER_OBJECT_CONVERSION = YES_AGGRESSIVE;
				CLANG_CXX_LANGUAGE_STANDARD = "gnu++20";
				CLANG_ENABLE_MODULES = YES;
				CLANG_ENABLE_OBJC_ARC = YES;
				CLANG_ENABLE_OBJC_WEAK = YES;
				CLANG_WARN_BLOCK_CAPTURE_AUTORELEASING = YES;
				CLANG_WARN_BOOL_CONVERSION = YES;
				CLANG_WARN_COMMA = YES;
				CLANG_WARN_CONSTANT_CONVERSION = YES;
				CLANG_WARN_DEPRECATED_OBJC_IMPLEMENTATIONS = YES;
				CLANG_WARN_DIRECT_OBJC_ISA_USAGE = YES_ERROR;
				CLANG_WARN_DOCUMENTATION_COMMENTS = YES;
				CLANG_WARN_EMPTY_BODY = YES;
				CLANG_WARN_ENUM_CONVERSION = YES;
				CLANG_WARN_INFINITE_RECURSION = YES;
				CLANG_WARN_INT_CONVERSION = YES;
				CLANG_WARN_NON_LITERAL_NULL_CONVERSION = YES;
				CLANG_WARN_OBJC_IMPLICIT_RETAIN_SELF = YES;
				CLANG_WARN_OBJC_LITERAL_CONVERSION = YES;
				CLANG_WARN_OBJC_ROOT_CLASS = YES_ERROR;
				CLANG_WARN_QUOTED_INCLUDE_IN_FRAMEWORK_HEADER = YES;
				CLANG_WARN_RANGE_LOOP_ANALYSIS = YES;
				CLANG_WARN_STRICT_PROTOTYPES = YES;
				CLANG_WARN_SUSPICIOUS_MOVE = YES;
				CLANG_WARN_UNGUARDED_AVAILABILITY = YES_AGGRESSIVE;
				CLANG_WARN_UNREACHABLE_CODE = YES;
				CLANG_WARN__DUPLICATE_METHOD_MATCH = YES;
				COPY_PHASE_STRIP = NO;
				DEBUG_INFORMATION_FORMAT = dwarf;
				ENABLE_STRICT_OBJC_MSGSEND = YES;
				ENABLE_TESTABILITY = YES;
				ENABLE_USER_SCRIPT_SANDBOXING = YES;
				GCC_C_LANGUAGE_STANDARD = gnu17;
				GCC_DYNAMIC_NO_PIC = NO;
				GCC_NO_COMMON_BLOCKS = YES;
				GCC_OPTIMIZATION_LEVEL = 0;
				GCC_PREPROCESSOR_DEFINITIONS = (
					"DEBUG=1",
					"$(inherited)",
				);
				GCC_WARN_64_TO_32_BIT_CONVERSION = YES;
				GCC_WARN_ABOUT_RETURN_TYPE = YES_ERROR;
				GCC_WARN_UNDECLARED_SELECTOR = YES;
				GCC_WARN_UNINITIALIZED_AUTOS = YES_AGGRESSIVE;
				GCC_WARN_UNUSED_FUNCTION = YES;
				GCC_WARN_UNUSED_VARIABLE = YES;
				IPHONEOS_DEPLOYMENT_TARGET = 17.2;
				LOCALIZATION_PREFERS_STRING_CATALOGS = YES;
				MTL_ENABLE_DEBUG_INFO = INCLUDE_SOURCE;
				MTL_FAST_MATH = YES;
				ONLY_ACTIVE_ARCH = YES;
				SDKROOT = iphoneos;
				SWIFT_ACTIVE_COMPILATION_CONDITIONS = "DEBUG $(inherited)";
				SWIFT_OPTIMIZATION_LEVEL = "-Onone";
			};
			name = Debug;
		};
		3F8A103F2D4757C900AF52D1 /* Release */ = {
			isa = XCBuildConfiguration;
			buildSettings = {
				ALWAYS_SEARCH_USER_PATHS = NO;
				ASSETCATALOG_COMPILER_GENERATE_SWIFT_ASSET_SYMBOL_EXTENSIONS = YES;
				CLANG_ANALYZER_NONNULL = YES;
				CLANG_ANALYZER_NUMBER_OBJECT_CONVERSION = YES_AGGRESSIVE;
				CLANG_CXX_LANGUAGE_STANDARD = "gnu++20";
				CLANG_ENABLE_MODULES = YES;
				CLANG_ENABLE_OBJC_ARC = YES;
				CLANG_ENABLE_OBJC_WEAK = YES;
				CLANG_WARN_BLOCK_CAPTURE_AUTORELEASING = YES;
				CLANG_WARN_BOOL_CONVERSION = YES;
				CLANG_WARN_COMMA = YES;
				CLANG_WARN_CONSTANT_CONVERSION = YES;
				CLANG_WARN_DEPRECATED_OBJC_IMPLEMENTATIONS = YES;
				CLANG_WARN_DIRECT_OBJC_ISA_USAGE = YES_ERROR;
				CLANG_WARN_DOCUMENTATION_COMMENTS = YES;
				CLANG_WARN_EMPTY_BODY = YES;
				CLANG_WARN_ENUM_CONVERSION = YES;
				CLANG_WARN_INFINITE_RECURSION = YES;
				CLANG_WARN_INT_CONVERSION = YES;
				CLANG_WARN_NON_LITERAL_NULL_CONVERSION = YES;
				CLANG_WARN_OBJC_IMPLICIT_RETAIN_SELF = YES;
				CLANG_WARN_OBJC_LITERAL_CONVERSION = YES;
				CLANG_WARN_OBJC_ROOT_CLASS = YES_ERROR;
				CLANG_WARN_QUOTED_INCLUDE_IN_FRAMEWORK_HEADER = YES;
				CLANG_WARN_RANGE_LOOP_ANALYSIS = YES;
				CLANG_WARN_STRICT_PROTOTYPES = YES;
				CLANG_WARN_SUSPICIOUS_MOVE = YES;
				CLANG_WARN_UNGUARDED_AVAILABILITY = YES_AGGRESSIVE;
				CLANG_WARN_UNREACHABLE_CODE = YES;
				CLANG_WARN__DUPLICATE_METHOD_MATCH = YES;
				COPY_PHASE_STRIP = NO;
				DEBUG_INFORMATION_FORMAT = "dwarf-with-dsym";
				ENABLE_NS_ASSERTIONS = NO;
				ENABLE_STRICT_OBJC_MSGSEND = YES;
				ENABLE_USER_SCRIPT_SANDBOXING = YES;
				GCC_C_LANGUAGE_STANDARD = gnu17;
				GCC_NO_COMMON_BLOCKS = YES;
				GCC_WARN_64_TO_32_BIT_CONVERSION = YES;
				GCC_WARN_ABOUT_RETURN_TYPE = YES_ERROR;
				GCC_WARN_UNDECLARED_SELECTOR = YES;
				GCC_WARN_UNINITIALIZED_AUTOS = YES_AGGRESSIVE;
				GCC_WARN_UNUSED_FUNCTION = YES;
				GCC_WARN_UNUSED_VARIABLE = YES;
				IPHONEOS_DEPLOYMENT_TARGET = 17.2;
				LOCALIZATION_PREFERS_STRING_CATALOGS = YES;
				MTL_ENABLE_DEBUG_INFO = NO;
				MTL_FAST_MATH = YES;
				SDKROOT = iphoneos;
				SWIFT_COMPILATION_MODE = wholemodule;
				VALIDATE_PRODUCT = YES;
			};
			name = Release;
		};
		3F8A10412D4757C900AF52D1 /* Debug */ = {
			isa = XCBuildConfiguration;
			buildSettings = {
				ASSETCATALOG_COMPILER_APPICON_NAME = AppIcon;
				ASSETCATALOG_COMPILER_GLOBAL_ACCENT_COLOR_NAME = AccentColor;
				CODE_SIGN_IDENTITY = "Apple Development";
				CODE_SIGN_STYLE = Automatic;
				CURRENT_PROJECT_VERSION = 1;
				DEVELOPMENT_ASSET_PATHS = "\"2ndProject_YT/Preview Content\"";
				DEVELOPMENT_TEAM = MJS59ZN22W;
				ENABLE_PREVIEWS = YES;
				GENERATE_INFOPLIST_FILE = YES;
				INFOPLIST_KEY_CFBundleDisplayName = "ToDo List";
				INFOPLIST_KEY_UIApplicationSceneManifest_Generation = YES;
				INFOPLIST_KEY_UIApplicationSupportsIndirectInputEvents = YES;
				INFOPLIST_KEY_UILaunchScreen_Generation = YES;
				INFOPLIST_KEY_UISupportedInterfaceOrientations = "UIInterfaceOrientationLandscapeRight UIInterfaceOrientationPortrait";
				INFOPLIST_KEY_UISupportedInterfaceOrientations_iPad = UIInterfaceOrientationPortrait;
				IPHONEOS_DEPLOYMENT_TARGET = 16.4;
				LD_RUNPATH_SEARCH_PATHS = (
					"$(inherited)",
					"@executable_path/Frameworks",
				);
				MARKETING_VERSION = 1.0;
				PRODUCT_BUNDLE_IDENTIFIER = "paruluniversity.-ndProject-YT";
				PRODUCT_NAME = "$(TARGET_NAME)";
				PROVISIONING_PROFILE_SPECIFIER = "";
				SWIFT_EMIT_LOC_STRINGS = YES;
				SWIFT_VERSION = 5.0;
				TARGETED_DEVICE_FAMILY = "1,2";
			};
			name = Debug;
		};
		3F8A10422D4757C900AF52D1 /* Release */ = {
			isa = XCBuildConfiguration;
			buildSettings = {
				ASSETCATALOG_COMPILER_APPICON_NAME = AppIcon;
				ASSETCATALOG_COMPILER_GLOBAL_ACCENT_COLOR_NAME = AccentColor;
				CODE_SIGN_IDENTITY = "Apple Development";
				CODE_SIGN_STYLE = Automatic;
				CURRENT_PROJECT_VERSION = 1;
				DEVELOPMENT_ASSET_PATHS = "\"2ndProject_YT/Preview Content\"";
				DEVELOPMENT_TEAM = MJS59ZN22W;
				ENABLE_PREVIEWS = YES;
				GENERATE_INFOPLIST_FILE = YES;
				INFOPLIST_KEY_CFBundleDisplayName = "ToDo List";
				INFOPLIST_KEY_UIApplicationSceneManifest_Generation = YES;
				INFOPLIST_KEY_UIApplicationSupportsIndirectInputEvents = YES;
				INFOPLIST_KEY_UILaunchScreen_Generation = YES;
				INFOPLIST_KEY_UISupportedInterfaceOrientations = "UIInterfaceOrientationLandscapeRight UIInterfaceOrientationPortrait";
				INFOPLIST_KEY_UISupportedInterfaceOrientations_iPad = UIInterfaceOrientationPortrait;
				IPHONEOS_DEPLOYMENT_TARGET = 16.4;
				LD_RUNPATH_SEARCH_PATHS = (
					"$(inherited)",
					"@executable_path/Frameworks",
				);
				MARKETING_VERSION = 1.0;
				PRODUCT_BUNDLE_IDENTIFIER = "paruluniversity.-ndProject-YT";
				PRODUCT_NAME = "$(TARGET_NAME)";
				PROVISIONING_PROFILE_SPECIFIER = "";
				SWIFT_EMIT_LOC_STRINGS = YES;
				SWIFT_VERSION = 5.0;
				TARGETED_DEVICE_FAMILY = "1,2";
			};
			name = Release;
		};
/* End XCBuildConfiguration section */

/* Begin XCConfigurationList section */
		3F8A102D2D4757C700AF52D1 /* Build configuration list for PBXProject "2ndProject_YT" */ = {
			isa = XCConfigurationList;
			buildConfigurations = (
				3F8A103E2D4757C900AF52D1 /* Debug */,
				3F8A103F2D4757C900AF52D1 /* Release */,
			);
			defaultConfigurationIsVisible = 0;
			defaultConfigurationName = Release;
		};
		3F8A10402D4757C900AF52D1 /* Build configuration list for PBXNativeTarget "2ndProject_YT" */ = {
			isa = XCConfigurationList;
			buildConfigurations = (
				3F8A10412D4757C900AF52D1 /* Debug */,
				3F8A10422D4757C900AF52D1 /* Release */,
			);
			defaultConfigurationIsVisible = 0;
			defaultConfigurationName = Release;
		};
/* End XCConfigurationList section */

/* Begin XCRemoteSwiftPackageReference section */
		3F3EDCF82D4E5C1C00B3AC7E /* XCRemoteSwiftPackageReference "firebase-ios-sdk" */ = {
			isa = XCRemoteSwiftPackageReference;
			repositoryURL = "https://github.com/firebase/firebase-ios-sdk";
			requirement = {
				kind = upToNextMajorVersion;
				minimumVersion = 11.7.0;
			};
		};
/* End XCRemoteSwiftPackageReference section */

/* Begin XCSwiftPackageProductDependency section */
		3F5057102D51EA1600A0D726 /* FirebaseAuth */ = {
			isa = XCSwiftPackageProductDependency;
			productName = FirebaseAuth;
		};
		3F5057122D51EA1600A0D726 /* FirebaseFirestore */ = {
			isa = XCSwiftPackageProductDependency;
			productName = FirebaseFirestore;
		};
		3F5057142D51EA1600A0D726 /* FirebaseFirestoreCombine-Community */ = {
			isa = XCSwiftPackageProductDependency;
			productName = "FirebaseFirestoreCombine-Community";
		};
		3F5057162D51EA1600A0D726 /* FirebaseStorage */ = {
			isa = XCSwiftPackageProductDependency;
			productName = FirebaseStorage;
		};
		3F5057182D51EA1600A0D726 /* FirebaseStorageCombine-Community */ = {
			isa = XCSwiftPackageProductDependency;
			productName = "FirebaseStorageCombine-Community";
		};
		3F50571A2D51EA1600A0D726 /* FirebaseVertexAI */ = {
			isa = XCSwiftPackageProductDependency;
			productName = FirebaseVertexAI;
		};
		3F50571C2D51EB0A00A0D726 /* FirebaseAuth */ = {
			isa = XCSwiftPackageProductDependency;
			package = 3F3EDCF82D4E5C1C00B3AC7E /* XCRemoteSwiftPackageReference "firebase-ios-sdk" */;
			productName = FirebaseAuth;
		};
		3F50571E2D51EB0A00A0D726 /* FirebaseAuthCombine-Community */ = {
			isa = XCSwiftPackageProductDependency;
			package = 3F3EDCF82D4E5C1C00B3AC7E /* XCRemoteSwiftPackageReference "firebase-ios-sdk" */;
			productName = "FirebaseAuthCombine-Community";
		};
		3F5057202D51EB0A00A0D726 /* FirebaseCore */ = {
			isa = XCSwiftPackageProductDependency;
			package = 3F3EDCF82D4E5C1C00B3AC7E /* XCRemoteSwiftPackageReference "firebase-ios-sdk" */;
			productName = FirebaseCore;
		};
		3F5057222D51EB0A00A0D726 /* FirebaseFirestore */ = {
			isa = XCSwiftPackageProductDependency;
			package = 3F3EDCF82D4E5C1C00B3AC7E /* XCRemoteSwiftPackageReference "firebase-ios-sdk" */;
			productName = FirebaseFirestore;
		};
		3F5057242D51EB0A00A0D726 /* FirebaseFirestoreCombine-Community */ = {
			isa = XCSwiftPackageProductDependency;
			package = 3F3EDCF82D4E5C1C00B3AC7E /* XCRemoteSwiftPackageReference "firebase-ios-sdk" */;
			productName = "FirebaseFirestoreCombine-Community";
		};
		3F5057262D51EB0A00A0D726 /* FirebaseFunctions */ = {
			isa = XCSwiftPackageProductDependency;
			package = 3F3EDCF82D4E5C1C00B3AC7E /* XCRemoteSwiftPackageReference "firebase-ios-sdk" */;
			productName = FirebaseFunctions;
		};
		3F5057282D51EB0A00A0D726 /* FirebaseFunctionsCombine-Community */ = {
			isa = XCSwiftPackageProductDependency;
			package = 3F3EDCF82D4E5C1C00B3AC7E /* XCRemoteSwiftPackageReference "firebase-ios-sdk" */;
			productName = "FirebaseFunctionsCombine-Community";
		};
		3F50572A2D51EB0A00A0D726 /* FirebaseInAppMessaging-Beta */ = {
			isa = XCSwiftPackageProductDependency;
			package = 3F3EDCF82D4E5C1C00B3AC7E /* XCRemoteSwiftPackageReference "firebase-ios-sdk" */;
			productName = "FirebaseInAppMessaging-Beta";
		};
		3F50572C2D51EB0A00A0D726 /* FirebaseInstallations */ = {
			isa = XCSwiftPackageProductDependency;
			package = 3F3EDCF82D4E5C1C00B3AC7E /* XCRemoteSwiftPackageReference "firebase-ios-sdk" */;
			productName = FirebaseInstallations;
		};
		3F50572E2D51EB0A00A0D726 /* FirebaseMLModelDownloader */ = {
			isa = XCSwiftPackageProductDependency;
			package = 3F3EDCF82D4E5C1C00B3AC7E /* XCRemoteSwiftPackageReference "firebase-ios-sdk" */;
			productName = FirebaseMLModelDownloader;
		};
		3F5057302D51EB0A00A0D726 /* FirebaseStorage */ = {
			isa = XCSwiftPackageProductDependency;
			package = 3F3EDCF82D4E5C1C00B3AC7E /* XCRemoteSwiftPackageReference "firebase-ios-sdk" */;
			productName = FirebaseStorage;
		};
		3F5057322D51EB0A00A0D726 /* FirebaseStorageCombine-Community */ = {
			isa = XCSwiftPackageProductDependency;
			package = 3F3EDCF82D4E5C1C00B3AC7E /* XCRemoteSwiftPackageReference "firebase-ios-sdk" */;
			productName = "FirebaseStorageCombine-Community";
		};
/* End XCSwiftPackageProductDependency section */
	};
	rootObject = 3F8A102A2D4757C700AF52D1 /* Project object */;
}
